
Microsoft Visual Studio Solution File, Format Version 12.00
# Visual Studio Version 16
VisualStudioVersion = 16.0.30011.22
MinimumVisualStudioVersion = 10.0.40219.1
Project("{FAE04EC0-301F-11D3-BF4B-00C04F79EFBC}") = "CsExplorer", "CsExplorer\CsExplorer.csproj", "{43CF86F1-2471-40AF-953A-863348636AB4}"
EndProject
Project("{FAE04EC0-301F-11D3-BF4B-00C04F79EFBC}") = "BinaryObject", "BinaryObject\BinaryObject.csproj", "{3735ACB4-BBC0-4706-BB54-64D73DB1F9C6}"
EndProject
Global
	GlobalSection(SolutionConfigurationPlatforms) = preSolution
		Debug|Any CPU = Debug|Any CPU
		Release|Any CPU = Release|Any CPU
	EndGlobalSection
	GlobalSection(ProjectConfigurationPlatforms) = postSolution
		{43CF86F1-2471-40AF-953A-863348636AB4}.Debug|Any CPU.ActiveCfg = Debug|Any CPU
		{43CF86F1-2471-40AF-953A-863348636AB4}.Debug|Any CPU.Build.0 = Debug|Any CPU
		{43CF86F1-2471-40AF-953A-863348636AB4}.Release|Any CPU.ActiveCfg = Release|Any CPU
		{43CF86F1-2471-40AF-953A-863348636AB4}.Release|Any CPU.Build.0 = Release|Any CPU
		{3735ACB4-BBC0-4706-BB54-64D73DB1F9C6}.Debug|Any CPU.ActiveCfg = Debug|Any CPU
		{3735ACB4-BBC0-4706-BB54-64D73DB1F9C6}.Debug|Any CPU.Build.0 = Debug|Any CPU
		{3735ACB4-BBC0-4706-BB54-64D73DB1F9C6}.Release|Any CPU.ActiveCfg = Release|Any CPU
		{3735ACB4-BBC0-4706-BB54-64D73DB1F9C6}.Release|Any CPU.Build.0 = Release|Any CPU
	EndGlobalSection
	GlobalSection(SolutionProperties) = preSolution
		HideSolutionNode = FALSE
	EndGlobalSection
	GlobalSection(ExtensibilityGlobals) = postSolution
		SolutionGuid = {4E0C8452-E9E6-424C-A8C5-B606241C2FD9}
	EndGlobalSection
EndGlobal
